
Microsoft Visual Studio Solution File, Format Version 12.00
# Visual Studio 15
VisualStudioVersion = 15.0.28307.779
MinimumVisualStudioVersion = 10.0.40219.1
Project("{8BC9CEB8-8B4A-11D0-8D11-00A0C91BC942}") = "AA1_02-Test", "src\AA1_02-Test\AA1_02-Test.vcxproj", "{D6DB4D90-63B7-48B0-99C1-79545E73FF11}"
EndProject
Project("{8BC9CEB8-8B4A-11D0-8D11-00A0C91BC942}") = "AA1_02_SDL", "src\AA1_02_SDL\AA1_02_SDL.vcxproj", "{0FE7F824-E6E0-42FB-995A-35DD7685FA9D}"
EndProject
Project("{8BC9CEB8-8B4A-11D0-8D11-00A0C91BC942}") = "AA1_07", "src\AA1_07\AA1_07.vcxproj", "{7F3BF05F-5CFE-4068-99E2-48B6D897BF39}"
EndProject
Project("{8BC9CEB8-8B4A-11D0-8D11-00A0C91BC942}") = "AA1_05", "src\AA1_05\AA1_05.vcxproj", "{3F5ED841-00B0-4195-9C4C-D51DBFED9A23}"
EndProject
Global
	GlobalSection(SolutionConfigurationPlatforms) = preSolution
		Debug|x64 = Debug|x64
		Debug|x86 = Debug|x86
		Release|x64 = Release|x64
		Release|x86 = Release|x86
	EndGlobalSection
	GlobalSection(ProjectConfigurationPlatforms) = postSolution
		{D6DB4D90-63B7-48B0-99C1-79545E73FF11}.Debug|x64.ActiveCfg = Debug|x64
		{D6DB4D90-63B7-48B0-99C1-79545E73FF11}.Debug|x64.Build.0 = Debug|x64
		{D6DB4D90-63B7-48B0-99C1-79545E73FF11}.Debug|x86.ActiveCfg = Debug|Win32
		{D6DB4D90-63B7-48B0-99C1-79545E73FF11}.Debug|x86.Build.0 = Debug|Win32
		{D6DB4D90-63B7-48B0-99C1-79545E73FF11}.Release|x64.ActiveCfg = Release|x64
		{D6DB4D90-63B7-48B0-99C1-79545E73FF11}.Release|x64.Build.0 = Release|x64
		{D6DB4D90-63B7-48B0-99C1-79545E73FF11}.Release|x86.ActiveCfg = Release|Win32
		{D6DB4D90-63B7-48B0-99C1-79545E73FF11}.Release|x86.Build.0 = Release|Win32
		{0FE7F824-E6E0-42FB-995A-35DD7685FA9D}.Debug|x64.ActiveCfg = Debug|x64
		{0FE7F824-E6E0-42FB-995A-35DD7685FA9D}.Debug|x64.Build.0 = Debug|x64
		{0FE7F824-E6E0-42FB-995A-35DD7685FA9D}.Debug|x86.ActiveCfg = Debug|Win32
		{0FE7F824-E6E0-42FB-995A-35DD7685FA9D}.Debug|x86.Build.0 = Debug|Win32
		{0FE7F824-E6E0-42FB-995A-35DD7685FA9D}.Release|x64.ActiveCfg = Release|x64
		{0FE7F824-E6E0-42FB-995A-35DD7685FA9D}.Release|x64.Build.0 = Release|x64
		{0FE7F824-E6E0-42FB-995A-35DD7685FA9D}.Release|x86.ActiveCfg = Release|Win32
		{0FE7F824-E6E0-42FB-995A-35DD7685FA9D}.Release|x86.Build.0 = Release|Win32
		{7F3BF05F-5CFE-4068-99E2-48B6D897BF39}.Debug|x64.ActiveCfg = Debug|x64
		{7F3BF05F-5CFE-4068-99E2-48B6D897BF39}.Debug|x64.Build.0 = Debug|x64
		{7F3BF05F-5CFE-4068-99E2-48B6D897BF39}.Debug|x86.ActiveCfg = Debug|Win32
		{7F3BF05F-5CFE-4068-99E2-48B6D897BF39}.Debug|x86.Build.0 = Debug|Win32
		{7F3BF05F-5CFE-4068-99E2-48B6D897BF39}.Release|x64.ActiveCfg = Release|x64
		{7F3BF05F-5CFE-4068-99E2-48B6D897BF39}.Release|x64.Build.0 = Release|x64
		{7F3BF05F-5CFE-4068-99E2-48B6D897BF39}.Release|x86.ActiveCfg = Release|Win32
		{7F3BF05F-5CFE-4068-99E2-48B6D897BF39}.Release|x86.Build.0 = Release|Win32
		{3F5ED841-00B0-4195-9C4C-D51DBFED9A23}.Debug|x64.ActiveCfg = Debug|x64
		{3F5ED841-00B0-4195-9C4C-D51DBFED9A23}.Debug|x64.Build.0 = Debug|x64
		{3F5ED841-00B0-4195-9C4C-D51DBFED9A23}.Debug|x86.ActiveCfg = Debug|Win32
		{3F5ED841-00B0-4195-9C4C-D51DBFED9A23}.Debug|x86.Build.0 = Debug|Win32
		{3F5ED841-00B0-4195-9C4C-D51DBFED9A23}.Release|x64.ActiveCfg = Release|x64
		{3F5ED841-00B0-4195-9C4C-D51DBFED9A23}.Release|x64.Build.0 = Release|x64
		{3F5ED841-00B0-4195-9C4C-D51DBFED9A23}.Release|x86.ActiveCfg = Release|Win32
		{3F5ED841-00B0-4195-9C4C-D51DBFED9A23}.Release|x86.Build.0 = Release|Win32
	EndGlobalSection
	GlobalSection(SolutionProperties) = preSolution
		HideSolutionNode = FALSE
	EndGlobalSection
	GlobalSection(ExtensibilityGlobals) = postSolution
		SolutionGuid = {9F7F8469-9883-4BF8-8F4B-C66FA6E6C206}
	EndGlobalSection
EndGlobal
